
Microsoft Visual Studio Solution File, Format Version 12.00
# Visual Studio Version 17
VisualStudioVersion = 17.8.34511.84
MinimumVisualStudioVersion = 10.0.40219.1
Project("{FAE04EC0-301F-11D3-BF4B-00C04F79EFBC}") = "api", "api.csproj", "{93060DF5-88CA-40C2-A188-8AB13EAF1263}"
EndProject
Global
	GlobalSection(SolutionConfigurationPlatforms) = preSolution
		Debug|Any CPU = Debug|Any CPU
		Release|Any CPU = Release|Any CPU
	EndGlobalSection
	GlobalSection(ProjectConfigurationPlatforms) = postSolution
		{93060DF5-88CA-40C2-A188-8AB13EAF1263}.Debug|Any CPU.ActiveCfg = Debug|Any CPU
		{93060DF5-88CA-40C2-A188-8AB13EAF1263}.Debug|Any CPU.Build.0 = Debug|Any CPU
		{93060DF5-88CA-40C2-A188-8AB13EAF1263}.Release|Any CPU.ActiveCfg = Release|Any CPU
		{93060DF5-88CA-40C2-A188-8AB13EAF1263}.Release|Any CPU.Build.0 = Release|Any CPU
	EndGlobalSection
	GlobalSection(SolutionProperties) = preSolution
		HideSolutionNode = FALSE
	EndGlobalSection
	GlobalSection(ExtensibilityGlobals) = postSolution
		SolutionGuid = {9FFCE578-16D7-42E9-AB72-95345B5EE541}
	EndGlobalSection
EndGlobal
